// !$*UTF8*$!
{
	archiveVersion = 1;
	classes = {
	};
	objectVersion = 77;
	objects = {

/* Begin PBXBuildFile section */
		0175B944FEA52ECF958B5420 /* PromptLabView.swift in Sources */ = {isa = PBXBuildFile; fileRef = 3560DD32B8FB5ACB8BA163CE /* PromptLabView.swift */; };
		0279CC0A433F0DFFA813CC10 /* MusicModels.swift in Sources */ = {isa = PBXBuildFile; fileRef = 6504B2D05B013735C6DA72C5 /* MusicModels.swift */; };
		0849C92BD6732F18E51BD8B5 /* UserProfileModels.swift in Sources */ = {isa = PBXBuildFile; fileRef = 0F16B8688476DFF789B0E928 /* UserProfileModels.swift */; };
		0948FC4988DC1805881FC4A9 /* PancakeSongCheckApp.swift in Sources */ = {isa = PBXBuildFile; fileRef = 153C9354C4704DD270A3021F /* PancakeSongCheckApp.swift */; };
		1EF04E0A47382935EAD8BA98 /* PromptLabViewModel.swift in Sources */ = {isa = PBXBuildFile; fileRef = 74D800B932097059049E01AE /* PromptLabViewModel.swift */; };
		317293C72E988B6100AC1FD0 /* MusicKit.framework in Frameworks */ = {isa = PBXBuildFile; fileRef = 317293C62E988B6100AC1FD0 /* MusicKit.framework */; };
		317293C92E988BB200AC1FD0 /* MusicKit.framework in Frameworks */ = {isa = PBXBuildFile; fileRef = 317293C82E988BB200AC1FD0 /* MusicKit.framework */; };
		318070132E457E3500EF1C62 /* Pancake Watch Watch App.app in Embed Watch Content */ = {isa = PBXBuildFile; fileRef = 318070092E457E3300EF1C62 /* Pancake Watch Watch App.app */; settings = {ATTRIBUTES = (RemoveHeadersOnCopy, ); }; };
		384B39DA89DE0ED0ED569131 /* FoundationModels.framework in Frameworks */ = {isa = PBXBuildFile; fileRef = EC4A58A54886BC5A4F280D5D /* FoundationModels.framework */; };
		4282D838F55C075EAA214218 /* MusicRecommendationPolicy.swift in Sources */ = {isa = PBXBuildFile; fileRef = 474549520EFA9C764CECE5D7 /* MusicRecommendationPolicy.swift */; };
		58C928E50F741DF17DDA2FCF /* MacMusicPlaybackManager.swift in Sources */ = {isa = PBXBuildFile; fileRef = F8BE0BFEA09F47FB692B8E4A /* MacMusicPlaybackManager.swift */; };
		7B70228443AA37DEA2E09571 /* MusicAIService.swift in Sources */ = {isa = PBXBuildFile; fileRef = 2027F5E87F69953523BDA0E7 /* MusicAIService.swift */; };
		965B95725BB9D84AA764CCF5 /* MusicKit.framework in Frameworks */ = {isa = PBXBuildFile; fileRef = 38888310A03E160981AE1B98 /* MusicKit.framework */; };
		A87AD369480E23DA3FF6F8EC /* MacMusicKitService.swift in Sources */ = {isa = PBXBuildFile; fileRef = B09DE8F442AEF74D7FB093CE /* MacMusicKitService.swift */; };
		D5667D984E2C0B6807F58667 /* PastelTheme.swift in Sources */ = {isa = PBXBuildFile; fileRef = 9C99BB4F87CDE7C869370803 /* PastelTheme.swift */; };
		E1C51C4A3277EB3F54AE5088 /* RunModels.swift in Sources */ = {isa = PBXBuildFile; fileRef = 99CB8E21DA83B254B16E387B /* RunModels.swift */; };
		EACE83DDD47DB3EF1694D3F2 /* Cocoa.framework in Frameworks */ = {isa = PBXBuildFile; fileRef = 700BBD1D95FE2F882CEAD023 /* Cocoa.framework */; };
		FCEEC8675DCC86A14F484902 /* MacUserProfileManager.swift in Sources */ = {isa = PBXBuildFile; fileRef = 0A6461565D22471EE954556D /* MacUserProfileManager.swift */; };
/* End PBXBuildFile section */

/* Begin PBXContainerItemProxy section */
		318070112E457E3500EF1C62 /* PBXContainerItemProxy */ = {
			isa = PBXContainerItemProxy;
			containerPortal = 31806FEB2E457A0D00EF1C62 /* Project object */;
			proxyType = 1;
			remoteGlobalIDString = 318070082E457E3300EF1C62;
			remoteInfo = "Pancake Watch Watch App";
		};
/* End PBXContainerItemProxy section */

/* Begin PBXCopyFilesBuildPhase section */
		318070172E457E3500EF1C62 /* Embed Watch Content */ = {
			isa = PBXCopyFilesBuildPhase;
			buildActionMask = 2147483647;
			dstPath = "$(CONTENTS_FOLDER_PATH)/Watch";
			dstSubfolderSpec = 16;
			files = (
				318070132E457E3500EF1C62 /* Pancake Watch Watch App.app in Embed Watch Content */,
			);
			name = "Embed Watch Content";
			runOnlyForDeploymentPostprocessing = 0;
		};
/* End PBXCopyFilesBuildPhase section */

/* Begin PBXFileReference section */
		0A6461565D22471EE954556D /* MacUserProfileManager.swift */ = {isa = PBXFileReference; includeInIndex = 1; lastKnownFileType = sourcecode.swift; name = MacUserProfileManager.swift; path = PancakeMac/MacUserProfileManager.swift; sourceTree = "<group>"; };
		0F16B8688476DFF789B0E928 /* UserProfileModels.swift */ = {isa = PBXFileReference; includeInIndex = 1; lastKnownFileType = sourcecode.swift; name = UserProfileModels.swift; path = Pancake/Models/UserProfileModels.swift; sourceTree = "<group>"; };
		153C9354C4704DD270A3021F /* PancakeSongCheckApp.swift */ = {isa = PBXFileReference; includeInIndex = 1; lastKnownFileType = sourcecode.swift; name = PancakeSongCheckApp.swift; path = PancakeMac/PancakeSongCheckApp.swift; sourceTree = "<group>"; };
		2027F5E87F69953523BDA0E7 /* MusicAIService.swift */ = {isa = PBXFileReference; includeInIndex = 1; lastKnownFileType = sourcecode.swift; name = MusicAIService.swift; path = Pancake/Services/MusicAIService.swift; sourceTree = "<group>"; };
		317293C62E988B6100AC1FD0 /* MusicKit.framework */ = {isa = PBXFileReference; lastKnownFileType = wrapper.framework; name = MusicKit.framework; path = Platforms/iPhoneOS.platform/Developer/SDKs/iPhoneOS26.0.sdk/System/Library/Frameworks/MusicKit.framework; sourceTree = DEVELOPER_DIR; };
		317293C82E988BB200AC1FD0 /* MusicKit.framework */ = {isa = PBXFileReference; lastKnownFileType = wrapper.framework; name = MusicKit.framework; path = Platforms/WatchOS.platform/Developer/SDKs/WatchOS26.0.sdk/System/Library/Frameworks/MusicKit.framework; sourceTree = DEVELOPER_DIR; };
		31806FF32E457A0D00EF1C62 /* Pancake.app */ = {isa = PBXFileReference; explicitFileType = wrapper.application; includeInIndex = 0; path = Pancake.app; sourceTree = BUILT_PRODUCTS_DIR; };
		318070092E457E3300EF1C62 /* Pancake Watch Watch App.app */ = {isa = PBXFileReference; explicitFileType = wrapper.application; includeInIndex = 0; path = "Pancake Watch Watch App.app"; sourceTree = BUILT_PRODUCTS_DIR; };
		3560DD32B8FB5ACB8BA163CE /* PromptLabView.swift */ = {isa = PBXFileReference; includeInIndex = 1; lastKnownFileType = sourcecode.swift; name = PromptLabView.swift; path = Pancake/PromptLabView.swift; sourceTree = "<group>"; };
		38888310A03E160981AE1B98 /* MusicKit.framework */ = {isa = PBXFileReference; lastKnownFileType = wrapper.framework; name = MusicKit.framework; path = System/Library/Frameworks/MusicKit.framework; sourceTree = SDKROOT; };
		474549520EFA9C764CECE5D7 /* MusicRecommendationPolicy.swift */ = {isa = PBXFileReference; includeInIndex = 1; lastKnownFileType = sourcecode.swift; name = MusicRecommendationPolicy.swift; path = Pancake/MusicRecommendationPolicy.swift; sourceTree = "<group>"; };
		6504B2D05B013735C6DA72C5 /* MusicModels.swift */ = {isa = PBXFileReference; includeInIndex = 1; lastKnownFileType = sourcecode.swift; name = MusicModels.swift; path = Pancake/Models/MusicModels.swift; sourceTree = "<group>"; };
		700BBD1D95FE2F882CEAD023 /* Cocoa.framework */ = {isa = PBXFileReference; lastKnownFileType = wrapper.framework; name = Cocoa.framework; path = Platforms/MacOSX.platform/Developer/SDKs/MacOSX15.0.sdk/System/Library/Frameworks/Cocoa.framework; sourceTree = DEVELOPER_DIR; };
		74D800B932097059049E01AE /* PromptLabViewModel.swift */ = {isa = PBXFileReference; includeInIndex = 1; lastKnownFileType = sourcecode.swift; name = PromptLabViewModel.swift; path = Pancake/ViewModels/PromptLabViewModel.swift; sourceTree = "<group>"; };
		99CB8E21DA83B254B16E387B /* RunModels.swift */ = {isa = PBXFileReference; includeInIndex = 1; lastKnownFileType = sourcecode.swift; name = RunModels.swift; path = Pancake/Models/RunModels.swift; sourceTree = "<group>"; };
		9C99BB4F87CDE7C869370803 /* PastelTheme.swift */ = {isa = PBXFileReference; includeInIndex = 1; lastKnownFileType = sourcecode.swift; name = PastelTheme.swift; path = Pancake/PastelTheme.swift; sourceTree = "<group>"; };
		B09DE8F442AEF74D7FB093CE /* MacMusicKitService.swift */ = {isa = PBXFileReference; includeInIndex = 1; lastKnownFileType = sourcecode.swift; name = MacMusicKitService.swift; path = PancakeMac/MacMusicKitService.swift; sourceTree = "<group>"; };
		D57631F030179B3368A54E4C /* Pancake Song Check.app */ = {isa = PBXFileReference; explicitFileType = wrapper.application; includeInIndex = 0; path = "Pancake Song Check.app"; sourceTree = BUILT_PRODUCTS_DIR; };
		EC4A58A54886BC5A4F280D5D /* FoundationModels.framework */ = {isa = PBXFileReference; lastKnownFileType = wrapper.framework; name = FoundationModels.framework; path = System/Library/Frameworks/FoundationModels.framework; sourceTree = SDKROOT; };
		F8BE0BFEA09F47FB692B8E4A /* MacMusicPlaybackManager.swift */ = {isa = PBXFileReference; includeInIndex = 1; lastKnownFileType = sourcecode.swift; name = MacMusicPlaybackManager.swift; path = PancakeMac/MacMusicPlaybackManager.swift; sourceTree = "<group>"; };
/* End PBXFileReference section */

/* Begin PBXFileSystemSynchronizedBuildFileExceptionSet section */
		31AB19162E973B4900C771E9 /* Exceptions for "Pancake" folder in "Pancake" target */ = {
			isa = PBXFileSystemSynchronizedBuildFileExceptionSet;
			membershipExceptions = (
				Info.plist,
			);
			target = 31806FF22E457A0D00EF1C62 /* Pancake */;
		};
/* End PBXFileSystemSynchronizedBuildFileExceptionSet section */

/* Begin PBXFileSystemSynchronizedRootGroup section */
		31806FF52E457A0D00EF1C62 /* Pancake */ = {
			isa = PBXFileSystemSynchronizedRootGroup;
			exceptions = (
				31AB19162E973B4900C771E9 /* Exceptions for "Pancake" folder in "Pancake" target */,
			);
			path = Pancake;
			sourceTree = "<group>";
		};
		3180700A2E457E3300EF1C62 /* Pancake Watch Watch App */ = {
			isa = PBXFileSystemSynchronizedRootGroup;
			exceptions = (
			);
			path = "Pancake Watch Watch App";
			sourceTree = "<group>";
		};
/* End PBXFileSystemSynchronizedRootGroup section */

/* Begin PBXFrameworksBuildPhase section */
		31806FF02E457A0D00EF1C62 /* Frameworks */ = {
			isa = PBXFrameworksBuildPhase;
			buildActionMask = 2147483647;
			files = (
				317293C72E988B6100AC1FD0 /* MusicKit.framework in Frameworks */,
			);
			runOnlyForDeploymentPostprocessing = 0;
		};
		318070062E457E3300EF1C62 /* Frameworks */ = {
			isa = PBXFrameworksBuildPhase;
			buildActionMask = 2147483647;
			files = (
				317293C92E988BB200AC1FD0 /* MusicKit.framework in Frameworks */,
			);
			runOnlyForDeploymentPostprocessing = 0;
		};
		CCD6DD579BFED36CE2F48C16 /* Frameworks */ = {
			isa = PBXFrameworksBuildPhase;
			buildActionMask = 2147483647;
			files = (
				EACE83DDD47DB3EF1694D3F2 /* Cocoa.framework in Frameworks */,
				965B95725BB9D84AA764CCF5 /* MusicKit.framework in Frameworks */,
				384B39DA89DE0ED0ED569131 /* FoundationModels.framework in Frameworks */,
			);
			runOnlyForDeploymentPostprocessing = 0;
		};
/* End PBXFrameworksBuildPhase section */

/* Begin PBXGroup section */
		159B9300A3C8654A6BD2F135 /* PancakeMac */ = {
			isa = PBXGroup;
			children = (
			);
			name = PancakeMac;
			path = PancakeMac;
			sourceTree = "<group>";
		};
		19E8204753F4B3E4FC7B60DB /* OS X */ = {
			isa = PBXGroup;
			children = (
				700BBD1D95FE2F882CEAD023 /* Cocoa.framework */,
			);
			name = "OS X";
			sourceTree = "<group>";
		};
		317293C52E988B6000AC1FD0 /* Frameworks */ = {
			isa = PBXGroup;
			children = (
				317293C82E988BB200AC1FD0 /* MusicKit.framework */,
				317293C62E988B6100AC1FD0 /* MusicKit.framework */,
				19E8204753F4B3E4FC7B60DB /* OS X */,
				38888310A03E160981AE1B98 /* MusicKit.framework */,
				EC4A58A54886BC5A4F280D5D /* FoundationModels.framework */,
			);
			name = Frameworks;
			sourceTree = "<group>";
		};
		31806FEA2E457A0D00EF1C62 = {
			isa = PBXGroup;
			children = (
				31806FF52E457A0D00EF1C62 /* Pancake */,
				3180700A2E457E3300EF1C62 /* Pancake Watch Watch App */,
				317293C52E988B6000AC1FD0 /* Frameworks */,
				31806FF42E457A0D00EF1C62 /* Products */,
				159B9300A3C8654A6BD2F135 /* PancakeMac */,
				BF0B2BE8354CBD9DC51CB9C4 /* Pancake Song Check Shared */,
			);
			sourceTree = "<group>";
		};
		31806FF42E457A0D00EF1C62 /* Products */ = {
			isa = PBXGroup;
			children = (
				31806FF32E457A0D00EF1C62 /* Pancake.app */,
				318070092E457E3300EF1C62 /* Pancake Watch Watch App.app */,
				D57631F030179B3368A54E4C /* Pancake Song Check.app */,
			);
			name = Products;
			sourceTree = "<group>";
		};
		BF0B2BE8354CBD9DC51CB9C4 /* Pancake Song Check Shared */ = {
			isa = PBXGroup;
			children = (
				153C9354C4704DD270A3021F /* PancakeSongCheckApp.swift */,
				0A6461565D22471EE954556D /* MacUserProfileManager.swift */,
				B09DE8F442AEF74D7FB093CE /* MacMusicKitService.swift */,
				F8BE0BFEA09F47FB692B8E4A /* MacMusicPlaybackManager.swift */,
				99CB8E21DA83B254B16E387B /* RunModels.swift */,
				6504B2D05B013735C6DA72C5 /* MusicModels.swift */,
				0F16B8688476DFF789B0E928 /* UserProfileModels.swift */,
				9C99BB4F87CDE7C869370803 /* PastelTheme.swift */,
				474549520EFA9C764CECE5D7 /* MusicRecommendationPolicy.swift */,
				2027F5E87F69953523BDA0E7 /* MusicAIService.swift */,
				3560DD32B8FB5ACB8BA163CE /* PromptLabView.swift */,
				74D800B932097059049E01AE /* PromptLabViewModel.swift */,
			);
			name = "Pancake Song Check Shared";
			sourceTree = "<group>";
		};
/* End PBXGroup section */

/* Begin PBXNativeTarget section */
		31806FF22E457A0D00EF1C62 /* Pancake */ = {
			isa = PBXNativeTarget;
			buildConfigurationList = 31806FFF2E457A0F00EF1C62 /* Build configuration list for PBXNativeTarget "Pancake" */;
			buildPhases = (
				31806FEF2E457A0D00EF1C62 /* Sources */,
				31806FF02E457A0D00EF1C62 /* Frameworks */,
				31806FF12E457A0D00EF1C62 /* Resources */,
				318070172E457E3500EF1C62 /* Embed Watch Content */,
			);
			buildRules = (
			);
			dependencies = (
				318070122E457E3500EF1C62 /* PBXTargetDependency */,
			);
			fileSystemSynchronizedGroups = (
				31806FF52E457A0D00EF1C62 /* Pancake */,
			);
			name = Pancake;
			productName = Pancake;
			productReference = 31806FF32E457A0D00EF1C62 /* Pancake.app */;
			productType = "com.apple.product-type.application";
		};
		318070082E457E3300EF1C62 /* Pancake Watch Watch App */ = {
			isa = PBXNativeTarget;
			buildConfigurationList = 318070142E457E3500EF1C62 /* Build configuration list for PBXNativeTarget "Pancake Watch Watch App" */;
			buildPhases = (
				318070052E457E3300EF1C62 /* Sources */,
				318070062E457E3300EF1C62 /* Frameworks */,
				318070072E457E3300EF1C62 /* Resources */,
			);
			buildRules = (
			);
			dependencies = (
			);
			fileSystemSynchronizedGroups = (
				3180700A2E457E3300EF1C62 /* Pancake Watch Watch App */,
			);
			name = "Pancake Watch Watch App";
			productName = "Pancake Watch Watch App";
			productReference = 318070092E457E3300EF1C62 /* Pancake Watch Watch App.app */;
			productType = "com.apple.product-type.application";
		};
		A8FE94067081E69187076BA1 /* Pancake Song Check */ = {
			isa = PBXNativeTarget;
			buildConfigurationList = 4A53058B3F3495A4848A20F1 /* Build configuration list for PBXNativeTarget "Pancake Song Check" */;
			buildPhases = (
				C73300AA6691C609F65485C1 /* Sources */,
				CCD6DD579BFED36CE2F48C16 /* Frameworks */,
				172C66993F1F6C0D2D740120 /* Resources */,
			);
			buildRules = (
			);
			dependencies = (
			);
			name = "Pancake Song Check";
			productName = "Pancake Song Check";
			productReference = D57631F030179B3368A54E4C /* Pancake Song Check.app */;
			productType = "com.apple.product-type.application";
		};
/* End PBXNativeTarget section */

/* Begin PBXProject section */
		31806FEB2E457A0D00EF1C62 /* Project object */ = {
			isa = PBXProject;
			attributes = {
				BuildIndependentTargetsInParallel = 1;
				LastSwiftUpdateCheck = 1640;
				LastUpgradeCheck = 2600;
				TargetAttributes = {
					31806FF22E457A0D00EF1C62 = {
						CreatedOnToolsVersion = 16.4;
						SystemCapabilities = {
							com.apple.HealthKit = {
								enabled = 1;
							};
							com.apple.SignInWithApple = {
								enabled = 1;
							};
						};
					};
					318070082E457E3300EF1C62 = {
						CreatedOnToolsVersion = 16.4;
						SystemCapabilities = {
							com.apple.HealthKit = {
								enabled = 1;
							};
						};
					};
				};
			};
			buildConfigurationList = 31806FEE2E457A0D00EF1C62 /* Build configuration list for PBXProject "Pancake" */;
			developmentRegion = en;
			hasScannedForEncodings = 0;
			knownRegions = (
				en,
				Base,
			);
			mainGroup = 31806FEA2E457A0D00EF1C62;
			minimizedProjectReferenceProxies = 1;
			preferredProjectObjectVersion = 77;
			productRefGroup = 31806FF42E457A0D00EF1C62 /* Products */;
			projectDirPath = "";
			projectRoot = "";
			targets = (
				31806FF22E457A0D00EF1C62 /* Pancake */,
				318070082E457E3300EF1C62 /* Pancake Watch Watch App */,
				A8FE94067081E69187076BA1 /* Pancake Song Check */,
			);
		};
/* End PBXProject section */

/* Begin PBXResourcesBuildPhase section */
		172C66993F1F6C0D2D740120 /* Resources */ = {
			isa = PBXResourcesBuildPhase;
			buildActionMask = 2147483647;
			files = (
			);
			runOnlyForDeploymentPostprocessing = 0;
		};
		31806FF12E457A0D00EF1C62 /* Resources */ = {
			isa = PBXResourcesBuildPhase;
			buildActionMask = 2147483647;
			files = (
			);
			runOnlyForDeploymentPostprocessing = 0;
		};
		318070072E457E3300EF1C62 /* Resources */ = {
			isa = PBXResourcesBuildPhase;
			buildActionMask = 2147483647;
			files = (
			);
			runOnlyForDeploymentPostprocessing = 0;
		};
/* End PBXResourcesBuildPhase section */

/* Begin PBXSourcesBuildPhase section */
		31806FEF2E457A0D00EF1C62 /* Sources */ = {
			isa = PBXSourcesBuildPhase;
			buildActionMask = 2147483647;
			files = (
			);
			runOnlyForDeploymentPostprocessing = 0;
		};
		318070052E457E3300EF1C62 /* Sources */ = {
			isa = PBXSourcesBuildPhase;
			buildActionMask = 2147483647;
			files = (
			);
			runOnlyForDeploymentPostprocessing = 0;
		};
		C73300AA6691C609F65485C1 /* Sources */ = {
			isa = PBXSourcesBuildPhase;
			buildActionMask = 2147483647;
			files = (
				0948FC4988DC1805881FC4A9 /* PancakeSongCheckApp.swift in Sources */,
				FCEEC8675DCC86A14F484902 /* MacUserProfileManager.swift in Sources */,
				A87AD369480E23DA3FF6F8EC /* MacMusicKitService.swift in Sources */,
				58C928E50F741DF17DDA2FCF /* MacMusicPlaybackManager.swift in Sources */,
				E1C51C4A3277EB3F54AE5088 /* RunModels.swift in Sources */,
				0279CC0A433F0DFFA813CC10 /* MusicModels.swift in Sources */,
				0849C92BD6732F18E51BD8B5 /* UserProfileModels.swift in Sources */,
				D5667D984E2C0B6807F58667 /* PastelTheme.swift in Sources */,
				4282D838F55C075EAA214218 /* MusicRecommendationPolicy.swift in Sources */,
				7B70228443AA37DEA2E09571 /* MusicAIService.swift in Sources */,
				0175B944FEA52ECF958B5420 /* PromptLabView.swift in Sources */,
				1EF04E0A47382935EAD8BA98 /* PromptLabViewModel.swift in Sources */,
			);
			runOnlyForDeploymentPostprocessing = 0;
		};
/* End PBXSourcesBuildPhase section */

/* Begin PBXTargetDependency section */
		318070122E457E3500EF1C62 /* PBXTargetDependency */ = {
			isa = PBXTargetDependency;
			target = 318070082E457E3300EF1C62 /* Pancake Watch Watch App */;
			targetProxy = 318070112E457E3500EF1C62 /* PBXContainerItemProxy */;
		};
/* End PBXTargetDependency section */

/* Begin XCBuildConfiguration section */
		31806FFD2E457A0F00EF1C62 /* Debug */ = {
			isa = XCBuildConfiguration;
			buildSettings = {
				ALWAYS_SEARCH_USER_PATHS = NO;
				ASSETCATALOG_COMPILER_GENERATE_SWIFT_ASSET_SYMBOL_EXTENSIONS = YES;
				CLANG_ANALYZER_NONNULL = YES;
				CLANG_ANALYZER_NUMBER_OBJECT_CONVERSION = YES_AGGRESSIVE;
				CLANG_CXX_LANGUAGE_STANDARD = "gnu++20";
				CLANG_ENABLE_MODULES = YES;
				CLANG_ENABLE_OBJC_ARC = YES;
				CLANG_ENABLE_OBJC_WEAK = YES;
				CLANG_WARN_BLOCK_CAPTURE_AUTORELEASING = YES;
				CLANG_WARN_BOOL_CONVERSION = YES;
				CLANG_WARN_COMMA = YES;
				CLANG_WARN_CONSTANT_CONVERSION = YES;
				CLANG_WARN_DEPRECATED_OBJC_IMPLEMENTATIONS = YES;
				CLANG_WARN_DIRECT_OBJC_ISA_USAGE = YES_ERROR;
				CLANG_WARN_DOCUMENTATION_COMMENTS = YES;
				CLANG_WARN_EMPTY_BODY = YES;
				CLANG_WARN_ENUM_CONVERSION = YES;
				CLANG_WARN_INFINITE_RECURSION = YES;
				CLANG_WARN_INT_CONVERSION = YES;
				CLANG_WARN_NON_LITERAL_NULL_CONVERSION = YES;
				CLANG_WARN_OBJC_IMPLICIT_RETAIN_SELF = YES;
				CLANG_WARN_OBJC_LITERAL_CONVERSION = YES;
				CLANG_WARN_OBJC_ROOT_CLASS = YES_ERROR;
				CLANG_WARN_QUOTED_INCLUDE_IN_FRAMEWORK_HEADER = YES;
				CLANG_WARN_RANGE_LOOP_ANALYSIS = YES;
				CLANG_WARN_STRICT_PROTOTYPES = YES;
				CLANG_WARN_SUSPICIOUS_MOVE = YES;
				CLANG_WARN_UNGUARDED_AVAILABILITY = YES_AGGRESSIVE;
				CLANG_WARN_UNREACHABLE_CODE = YES;
				CLANG_WARN__DUPLICATE_METHOD_MATCH = YES;
				COPY_PHASE_STRIP = NO;
				DEAD_CODE_STRIPPING = YES;
				DEBUG_INFORMATION_FORMAT = dwarf;
				DEVELOPMENT_TEAM = FYWW2S89N3;
				ENABLE_STRICT_OBJC_MSGSEND = YES;
				ENABLE_TESTABILITY = YES;
				ENABLE_USER_SCRIPT_SANDBOXING = YES;
				GCC_C_LANGUAGE_STANDARD = gnu17;
				GCC_DYNAMIC_NO_PIC = NO;
				GCC_NO_COMMON_BLOCKS = YES;
				GCC_OPTIMIZATION_LEVEL = 0;
				GCC_PREPROCESSOR_DEFINITIONS = (
					"DEBUG=1",
					"$(inherited)",
				);
				GCC_WARN_64_TO_32_BIT_CONVERSION = YES;
				GCC_WARN_ABOUT_RETURN_TYPE = YES_ERROR;
				GCC_WARN_UNDECLARED_SELECTOR = YES;
				GCC_WARN_UNINITIALIZED_AUTOS = YES_AGGRESSIVE;
				GCC_WARN_UNUSED_FUNCTION = YES;
				GCC_WARN_UNUSED_VARIABLE = YES;
				LOCALIZATION_PREFERS_STRING_CATALOGS = YES;
				MTL_ENABLE_DEBUG_INFO = INCLUDE_SOURCE;
				MTL_FAST_MATH = YES;
				ONLY_ACTIVE_ARCH = YES;
				STRING_CATALOG_GENERATE_SYMBOLS = YES;
				SWIFT_ACTIVE_COMPILATION_CONDITIONS = "DEBUG $(inherited)";
				SWIFT_OPTIMIZATION_LEVEL = "-Onone";
			};
			name = Debug;
		};
		31806FFE2E457A0F00EF1C62 /* Release */ = {
			isa = XCBuildConfiguration;
			buildSettings = {
				ALWAYS_SEARCH_USER_PATHS = NO;
				ASSETCATALOG_COMPILER_GENERATE_SWIFT_ASSET_SYMBOL_EXTENSIONS = YES;
				CLANG_ANALYZER_NONNULL = YES;
				CLANG_ANALYZER_NUMBER_OBJECT_CONVERSION = YES_AGGRESSIVE;
				CLANG_CXX_LANGUAGE_STANDARD = "gnu++20";
				CLANG_ENABLE_MODULES = YES;
				CLANG_ENABLE_OBJC_ARC = YES;
				CLANG_ENABLE_OBJC_WEAK = YES;
				CLANG_WARN_BLOCK_CAPTURE_AUTORELEASING = YES;
				CLANG_WARN_BOOL_CONVERSION = YES;
				CLANG_WARN_COMMA = YES;
				CLANG_WARN_CONSTANT_CONVERSION = YES;
				CLANG_WARN_DEPRECATED_OBJC_IMPLEMENTATIONS = YES;
				CLANG_WARN_DIRECT_OBJC_ISA_USAGE = YES_ERROR;
				CLANG_WARN_DOCUMENTATION_COMMENTS = YES;
				CLANG_WARN_EMPTY_BODY = YES;
				CLANG_WARN_ENUM_CONVERSION = YES;
				CLANG_WARN_INFINITE_RECURSION = YES;
				CLANG_WARN_INT_CONVERSION = YES;
				CLANG_WARN_NON_LITERAL_NULL_CONVERSION = YES;
				CLANG_WARN_OBJC_IMPLICIT_RETAIN_SELF = YES;
				CLANG_WARN_OBJC_LITERAL_CONVERSION = YES;
				CLANG_WARN_OBJC_ROOT_CLASS = YES_ERROR;
				CLANG_WARN_QUOTED_INCLUDE_IN_FRAMEWORK_HEADER = YES;
				CLANG_WARN_RANGE_LOOP_ANALYSIS = YES;
				CLANG_WARN_STRICT_PROTOTYPES = YES;
				CLANG_WARN_SUSPICIOUS_MOVE = YES;
				CLANG_WARN_UNGUARDED_AVAILABILITY = YES_AGGRESSIVE;
				CLANG_WARN_UNREACHABLE_CODE = YES;
				CLANG_WARN__DUPLICATE_METHOD_MATCH = YES;
				COPY_PHASE_STRIP = NO;
				DEAD_CODE_STRIPPING = YES;
				DEBUG_INFORMATION_FORMAT = "dwarf-with-dsym";
				DEVELOPMENT_TEAM = FYWW2S89N3;
				ENABLE_NS_ASSERTIONS = NO;
				ENABLE_STRICT_OBJC_MSGSEND = YES;
				ENABLE_USER_SCRIPT_SANDBOXING = YES;
				GCC_C_LANGUAGE_STANDARD = gnu17;
				GCC_NO_COMMON_BLOCKS = YES;
				GCC_WARN_64_TO_32_BIT_CONVERSION = YES;
				GCC_WARN_ABOUT_RETURN_TYPE = YES_ERROR;
				GCC_WARN_UNDECLARED_SELECTOR = YES;
				GCC_WARN_UNINITIALIZED_AUTOS = YES_AGGRESSIVE;
				GCC_WARN_UNUSED_FUNCTION = YES;
				GCC_WARN_UNUSED_VARIABLE = YES;
				LOCALIZATION_PREFERS_STRING_CATALOGS = YES;
				MTL_ENABLE_DEBUG_INFO = NO;
				MTL_FAST_MATH = YES;
				STRING_CATALOG_GENERATE_SYMBOLS = YES;
				SWIFT_COMPILATION_MODE = wholemodule;
			};
			name = Release;
		};
		318070002E457A0F00EF1C62 /* Debug */ = {
			isa = XCBuildConfiguration;
			buildSettings = {
				ASSETCATALOG_COMPILER_APPICON_NAME = AppIcon;
				ASSETCATALOG_COMPILER_GLOBAL_ACCENT_COLOR_NAME = AccentColor;
				CODE_SIGN_ENTITLEMENTS = Pancake/Pancake.entitlements;
				CODE_SIGN_IDENTITY = "Apple Development";
				CODE_SIGN_STYLE = Automatic;
				CURRENT_PROJECT_VERSION = 3;
				DEAD_CODE_STRIPPING = YES;
				DEVELOPMENT_TEAM = FYWW2S89N3;
				ENABLE_APP_SANDBOX = YES;
				ENABLE_HARDENED_RUNTIME = YES;
				ENABLE_PREVIEWS = YES;
				ENABLE_USER_SELECTED_FILES = readonly;
				GENERATE_INFOPLIST_FILE = YES;
				INFOPLIST_FILE = Pancake/Info.plist;
				INFOPLIST_KEY_CFBundleDisplayName = Pancake;
				INFOPLIST_KEY_ITSAppUsesNonExemptEncryption = NO;
				INFOPLIST_KEY_LSApplicationCategoryType = "public.app-category.sports";
				INFOPLIST_KEY_NSAppleMusicUsageDescription = "Pancake uses Apple Music to learn your taste from your library and playlists, and to play generated song suggestions during your runs.";
				INFOPLIST_KEY_NSHealthShareUsageDescription = "Pancake reads your workout and heart-rate data so it can guide runs, adapt music, and import your running history.";
				INFOPLIST_KEY_NSHealthUpdateUsageDescription = "Pancake saves completed workouts to Health so your run history stays consistent.";
				INFOPLIST_KEY_NSLocationWhenInUseUsageDescription = "Pancake uses your location during runs to measure outdoor distance, pace, and segment progress.";
				"INFOPLIST_KEY_UIApplicationSceneManifest_Generation[sdk=iphoneos*]" = YES;
				"INFOPLIST_KEY_UIApplicationSceneManifest_Generation[sdk=iphonesimulator*]" = YES;
				"INFOPLIST_KEY_UIApplicationSupportsIndirectInputEvents[sdk=iphoneos*]" = YES;
				"INFOPLIST_KEY_UIApplicationSupportsIndirectInputEvents[sdk=iphonesimulator*]" = YES;
				"INFOPLIST_KEY_UILaunchScreen_Generation[sdk=iphoneos*]" = YES;
				"INFOPLIST_KEY_UILaunchScreen_Generation[sdk=iphonesimulator*]" = YES;
				INFOPLIST_KEY_UILaunchStoryboardName = LaunchScreen;
				"INFOPLIST_KEY_UIStatusBarStyle[sdk=iphoneos*]" = UIStatusBarStyleDefault;
				"INFOPLIST_KEY_UIStatusBarStyle[sdk=iphonesimulator*]" = UIStatusBarStyleDefault;
				INFOPLIST_KEY_UISupportedInterfaceOrientations = "UIInterfaceOrientationPortrait UIInterfaceOrientationLandscapeLeft UIInterfaceOrientationLandscapeRight";
				INFOPLIST_KEY_UISupportedInterfaceOrientations_iPad = "UIInterfaceOrientationPortrait UIInterfaceOrientationPortraitUpsideDown UIInterfaceOrientationLandscapeLeft UIInterfaceOrientationLandscapeRight";
				INFOPLIST_KEY_UISupportedInterfaceOrientations_iPhone = "UIInterfaceOrientationPortrait UIInterfaceOrientationLandscapeLeft UIInterfaceOrientationLandscapeRight";
				IPHONEOS_DEPLOYMENT_TARGET = 26.0;
				LD_RUNPATH_SEARCH_PATHS = "@executable_path/Frameworks";
				"LD_RUNPATH_SEARCH_PATHS[sdk=macosx*]" = "@executable_path/../Frameworks";
				MACOSX_DEPLOYMENT_TARGET = 15.5;
				MARKETING_VERSION = 1.0;
				PRODUCT_BUNDLE_IDENTIFIER = "com.Matthew-Lucas.Hello-World.Pancake";
				PRODUCT_NAME = "$(TARGET_NAME)";
				PROVISIONING_PROFILE_SPECIFIER = "";
				REGISTER_APP_GROUPS = YES;
				SDKROOT = auto;
				SUPPORTED_PLATFORMS = "iphoneos iphonesimulator";
				SUPPORTS_MACCATALYST = NO;
				SWIFT_EMIT_LOC_STRINGS = YES;
				SWIFT_VERSION = 5.0;
				TARGETED_DEVICE_FAMILY = 1;
				XROS_DEPLOYMENT_TARGET = 2.5;
			};
			name = Debug;
		};
		318070012E457A0F00EF1C62 /* Release */ = {
			isa = XCBuildConfiguration;
			buildSettings = {
				ASSETCATALOG_COMPILER_APPICON_NAME = AppIcon;
				ASSETCATALOG_COMPILER_GLOBAL_ACCENT_COLOR_NAME = AccentColor;
				CODE_SIGN_ENTITLEMENTS = Pancake/Pancake.entitlements;
				CODE_SIGN_IDENTITY = "Apple Development";
				CODE_SIGN_STYLE = Automatic;
				CURRENT_PROJECT_VERSION = 3;
				DEAD_CODE_STRIPPING = YES;
				DEVELOPMENT_TEAM = FYWW2S89N3;
				ENABLE_APP_SANDBOX = YES;
				ENABLE_HARDENED_RUNTIME = YES;
				ENABLE_PREVIEWS = YES;
				ENABLE_USER_SELECTED_FILES = readonly;
				GENERATE_INFOPLIST_FILE = YES;
				INFOPLIST_FILE = Pancake/Info.plist;
				INFOPLIST_KEY_CFBundleDisplayName = Pancake;
				INFOPLIST_KEY_ITSAppUsesNonExemptEncryption = NO;
				INFOPLIST_KEY_LSApplicationCategoryType = "public.app-category.sports";
				INFOPLIST_KEY_NSAppleMusicUsageDescription = "Pancake uses Apple Music to learn your taste from your library and playlists, and to play generated song suggestions during your runs.";
				INFOPLIST_KEY_NSHealthShareUsageDescription = "Pancake reads your workout and heart-rate data so it can guide runs, adapt music, and import your running history.";
				INFOPLIST_KEY_NSHealthUpdateUsageDescription = "Pancake saves completed workouts to Health so your run history stays consistent.";
				INFOPLIST_KEY_NSLocationWhenInUseUsageDescription = "Pancake uses your location during runs to measure outdoor distance, pace, and segment progress.";
				"INFOPLIST_KEY_UIApplicationSceneManifest_Generation[sdk=iphoneos*]" = YES;
				"INFOPLIST_KEY_UIApplicationSceneManifest_Generation[sdk=iphonesimulator*]" = YES;
				"INFOPLIST_KEY_UIApplicationSupportsIndirectInputEvents[sdk=iphoneos*]" = YES;
				"INFOPLIST_KEY_UIApplicationSupportsIndirectInputEvents[sdk=iphonesimulator*]" = YES;
				"INFOPLIST_KEY_UILaunchScreen_Generation[sdk=iphoneos*]" = YES;
				"INFOPLIST_KEY_UILaunchScreen_Generation[sdk=iphonesimulator*]" = YES;
				INFOPLIST_KEY_UILaunchStoryboardName = LaunchScreen;
				"INFOPLIST_KEY_UIStatusBarStyle[sdk=iphoneos*]" = UIStatusBarStyleDefault;
				"INFOPLIST_KEY_UIStatusBarStyle[sdk=iphonesimulator*]" = UIStatusBarStyleDefault;
				INFOPLIST_KEY_UISupportedInterfaceOrientations = "UIInterfaceOrientationPortrait UIInterfaceOrientationLandscapeLeft UIInterfaceOrientationLandscapeRight";
				INFOPLIST_KEY_UISupportedInterfaceOrientations_iPad = "UIInterfaceOrientationPortrait UIInterfaceOrientationPortraitUpsideDown UIInterfaceOrientationLandscapeLeft UIInterfaceOrientationLandscapeRight";
				INFOPLIST_KEY_UISupportedInterfaceOrientations_iPhone = "UIInterfaceOrientationPortrait UIInterfaceOrientationLandscapeLeft UIInterfaceOrientationLandscapeRight";
				IPHONEOS_DEPLOYMENT_TARGET = 26.0;
				LD_RUNPATH_SEARCH_PATHS = "@executable_path/Frameworks";
				"LD_RUNPATH_SEARCH_PATHS[sdk=macosx*]" = "@executable_path/../Frameworks";
				MACOSX_DEPLOYMENT_TARGET = 15.5;
				MARKETING_VERSION = 1.0;
				PRODUCT_BUNDLE_IDENTIFIER = "com.Matthew-Lucas.Hello-World.Pancake";
				PRODUCT_NAME = "$(TARGET_NAME)";
				PROVISIONING_PROFILE_SPECIFIER = "";
				REGISTER_APP_GROUPS = YES;
				SDKROOT = auto;
				SUPPORTED_PLATFORMS = "iphoneos iphonesimulator";
				SUPPORTS_MACCATALYST = NO;
				SWIFT_EMIT_LOC_STRINGS = YES;
				SWIFT_VERSION = 5.0;
				TARGETED_DEVICE_FAMILY = 1;
				XROS_DEPLOYMENT_TARGET = 2.5;
			};
			name = Release;
		};
		318070152E457E3500EF1C62 /* Debug */ = {
			isa = XCBuildConfiguration;
			buildSettings = {
				ASSETCATALOG_COMPILER_APPICON_NAME = AppIcon;
				ASSETCATALOG_COMPILER_GLOBAL_ACCENT_COLOR_NAME = AccentColor;
				CODE_SIGN_ENTITLEMENTS = "Pancake Watch Watch App/Pancake Watch Watch App.entitlements";
				CODE_SIGN_STYLE = Automatic;
				CURRENT_PROJECT_VERSION = 3;
				DEVELOPMENT_TEAM = FYWW2S89N3;
				ENABLE_PREVIEWS = YES;
				GENERATE_INFOPLIST_FILE = YES;
				INFOPLIST_KEY_CFBundleDisplayName = "Pancake Watch";
				INFOPLIST_KEY_NSHealthShareUsageDescription = "Pancake Watch reads workout and heart-rate data to guide your run and show live progress.";
				INFOPLIST_KEY_NSHealthUpdateUsageDescription = "Pancake Watch saves completed workouts to Health.";
				INFOPLIST_KEY_NSLocationWhenInUseUsageDescription = "Pancake Watch uses GPS during runs to measure outdoor distance, pace, and progress.";
				INFOPLIST_KEY_UISupportedInterfaceOrientations = "UIInterfaceOrientationPortrait UIInterfaceOrientationPortraitUpsideDown";
				INFOPLIST_KEY_WKCompanionAppBundleIdentifier = "com.Matthew-Lucas.Hello-World.Pancake";
				LD_RUNPATH_SEARCH_PATHS = (
					"$(inherited)",
					"@executable_path/Frameworks",
				);
				MARKETING_VERSION = 1.0;
				PRODUCT_BUNDLE_IDENTIFIER = "com.Matthew-Lucas.Hello-World.Pancake.watchkitapp";
				PRODUCT_NAME = "$(TARGET_NAME)";
				SDKROOT = watchos;
				SKIP_INSTALL = YES;
				SWIFT_EMIT_LOC_STRINGS = YES;
				SWIFT_VERSION = 5.0;
				TARGETED_DEVICE_FAMILY = 4;
				WATCHOS_DEPLOYMENT_TARGET = 26.0;
			};
			name = Debug;
		};
		318070162E457E3500EF1C62 /* Release */ = {
			isa = XCBuildConfiguration;
			buildSettings = {
				ASSETCATALOG_COMPILER_APPICON_NAME = AppIcon;
				ASSETCATALOG_COMPILER_GLOBAL_ACCENT_COLOR_NAME = AccentColor;
				CODE_SIGN_ENTITLEMENTS = "Pancake Watch Watch App/Pancake Watch Watch App.entitlements";
				CODE_SIGN_STYLE = Automatic;
				CURRENT_PROJECT_VERSION = 3;
				DEVELOPMENT_TEAM = FYWW2S89N3;
				ENABLE_PREVIEWS = YES;
				GENERATE_INFOPLIST_FILE = YES;
				INFOPLIST_KEY_CFBundleDisplayName = "Pancake Watch";
				INFOPLIST_KEY_NSHealthShareUsageDescription = "Pancake Watch reads workout and heart-rate data to guide your run and show live progress.";
				INFOPLIST_KEY_NSHealthUpdateUsageDescription = "Pancake Watch saves completed workouts to Health.";
				INFOPLIST_KEY_NSLocationWhenInUseUsageDescription = "Pancake Watch uses GPS during runs to measure outdoor distance, pace, and progress.";
				INFOPLIST_KEY_UISupportedInterfaceOrientations = "UIInterfaceOrientationPortrait UIInterfaceOrientationPortraitUpsideDown";
				INFOPLIST_KEY_WKCompanionAppBundleIdentifier = "com.Matthew-Lucas.Hello-World.Pancake";
				LD_RUNPATH_SEARCH_PATHS = (
					"$(inherited)",
					"@executable_path/Frameworks",
				);
				MARKETING_VERSION = 1.0;
				PRODUCT_BUNDLE_IDENTIFIER = "com.Matthew-Lucas.Hello-World.Pancake.watchkitapp";
				PRODUCT_NAME = "$(TARGET_NAME)";
				SDKROOT = watchos;
				SKIP_INSTALL = YES;
				SWIFT_EMIT_LOC_STRINGS = YES;
				SWIFT_VERSION = 5.0;
				TARGETED_DEVICE_FAMILY = 4;
				VALIDATE_PRODUCT = YES;
				WATCHOS_DEPLOYMENT_TARGET = 26.0;
			};
			name = Release;
		};
		5761AB18EAEEA889F5E20454 /* Release */ = {
			isa = XCBuildConfiguration;
			buildSettings = {
				ASSETCATALOG_COMPILER_APPICON_NAME = AppIcon;
				ASSETCATALOG_COMPILER_GENERATE_SWIFT_ASSET_SYMBOL_EXTENSIONS = YES;
				ASSETCATALOG_COMPILER_GLOBAL_ACCENT_COLOR_NAME = AccentColor;
				CODE_SIGN_ENTITLEMENTS = PancakeMac/PancakeSongCheck.entitlements;
				CODE_SIGN_IDENTITY = "Apple Development";
				CODE_SIGN_STYLE = Automatic;
				COMBINE_HIDPI_IMAGES = YES;
				CURRENT_PROJECT_VERSION = 2;
				DEAD_CODE_STRIPPING = YES;
				DEVELOPMENT_TEAM = FYWW2S89N3;
				ENABLE_APP_SANDBOX = YES;
				ENABLE_HARDENED_RUNTIME = YES;
				ENABLE_PREVIEWS = YES;
				GENERATE_INFOPLIST_FILE = YES;
				INFOPLIST_KEY_CFBundleDisplayName = "Pancake Song Check";
				INFOPLIST_KEY_ITSAppUsesNonExemptEncryption = NO;
				INFOPLIST_KEY_LSApplicationCategoryType = "public.app-category.music";
				INFOPLIST_KEY_NSAppleMusicUsageDescription = "Pancake Song Check uses Apple Music to search and play generated song suggestions.";
				LD_RUNPATH_SEARCH_PATHS = (
					"$(inherited)",
					"@executable_path/../Frameworks",
				);
				MACOSX_DEPLOYMENT_TARGET = 26.0;
				MARKETING_VERSION = 1.0;
				PRODUCT_BUNDLE_IDENTIFIER = "com.Matthew-Lucas.Hello-World.Pancake.SongCheck";
				PRODUCT_NAME = "$(TARGET_NAME)";
				SDKROOT = macosx;
				SUPPORTED_PLATFORMS = macosx;
				SWIFT_EMIT_LOC_STRINGS = YES;
				SWIFT_VERSION = 5.0;
				VALIDATE_PRODUCT = YES;
			};
			name = Release;
		};
		A63B9B7579AC1AC87FAB6802 /* Debug */ = {
			isa = XCBuildConfiguration;
			buildSettings = {
				ASSETCATALOG_COMPILER_APPICON_NAME = AppIcon;
				ASSETCATALOG_COMPILER_GENERATE_SWIFT_ASSET_SYMBOL_EXTENSIONS = YES;
				ASSETCATALOG_COMPILER_GLOBAL_ACCENT_COLOR_NAME = AccentColor;
				CODE_SIGN_ENTITLEMENTS = PancakeMac/PancakeSongCheck.entitlements;
				CODE_SIGN_IDENTITY = "Apple Development";
				CODE_SIGN_STYLE = Automatic;
				COMBINE_HIDPI_IMAGES = YES;
				CURRENT_PROJECT_VERSION = 2;
				DEAD_CODE_STRIPPING = YES;
				DEVELOPMENT_TEAM = FYWW2S89N3;
				ENABLE_APP_SANDBOX = YES;
				ENABLE_HARDENED_RUNTIME = YES;
				ENABLE_PREVIEWS = YES;
				GENERATE_INFOPLIST_FILE = YES;
				INFOPLIST_KEY_CFBundleDisplayName = "Pancake Song Check";
				INFOPLIST_KEY_ITSAppUsesNonExemptEncryption = NO;
				INFOPLIST_KEY_LSApplicationCategoryType = "public.app-category.music";
				INFOPLIST_KEY_NSAppleMusicUsageDescription = "Pancake Song Check uses Apple Music to search and play generated song suggestions.";
				LD_RUNPATH_SEARCH_PATHS = (
					"$(inherited)",
					"@executable_path/../Frameworks",
				);
				MACOSX_DEPLOYMENT_TARGET = 26.0;
				MARKETING_VERSION = 1.0;
				PRODUCT_BUNDLE_IDENTIFIER = "com.Matthew-Lucas.Hello-World.Pancake.SongCheck";
				PRODUCT_NAME = "$(TARGET_NAME)";
				SDKROOT = macosx;
				SUPPORTED_PLATFORMS = macosx;
				SWIFT_EMIT_LOC_STRINGS = YES;
				SWIFT_VERSION = 5.0;
			};
			name = Debug;
		};
/* End XCBuildConfiguration section */

/* Begin XCConfigurationList section */
		31806FEE2E457A0D00EF1C62 /* Build configuration list for PBXProject "Pancake" */ = {
			isa = XCConfigurationList;
			buildConfigurations = (
				31806FFD2E457A0F00EF1C62 /* Debug */,
				31806FFE2E457A0F00EF1C62 /* Release */,
			);
			defaultConfigurationIsVisible = 0;
			defaultConfigurationName = Release;
		};
		31806FFF2E457A0F00EF1C62 /* Build configuration list for PBXNativeTarget "Pancake" */ = {
			isa = XCConfigurationList;
			buildConfigurations = (
				318070002E457A0F00EF1C62 /* Debug */,
				318070012E457A0F00EF1C62 /* Release */,
			);
			defaultConfigurationIsVisible = 0;
			defaultConfigurationName = Release;
		};
		318070142E457E3500EF1C62 /* Build configuration list for PBXNativeTarget "Pancake Watch Watch App" */ = {
			isa = XCConfigurationList;
			buildConfigurations = (
				318070152E457E3500EF1C62 /* Debug */,
				318070162E457E3500EF1C62 /* Release */,
			);
			defaultConfigurationIsVisible = 0;
			defaultConfigurationName = Release;
		};
		4A53058B3F3495A4848A20F1 /* Build configuration list for PBXNativeTarget "Pancake Song Check" */ = {
			isa = XCConfigurationList;
			buildConfigurations = (
				5761AB18EAEEA889F5E20454 /* Release */,
				A63B9B7579AC1AC87FAB6802 /* Debug */,
			);
			defaultConfigurationIsVisible = 0;
			defaultConfigurationName = Release;
		};
/* End XCConfigurationList section */
	};
	rootObject = 31806FEB2E457A0D00EF1C62 /* Project object */;
}
